
Microsoft Visual Studio Solution File, Format Version 12.00
# Visual Studio Version 17
VisualStudioVersion = 17.12.35707.178 d17.12
MinimumVisualStudioVersion = 10.0.40219.1
Project("{FAE04EC0-301F-11D3-BF4B-00C04F79EFBC}") = "Web", "Web\Web.csproj", "{48CAA545-6BEB-4E86-88E5-A6D68B3F44E6}"
EndProject
Project("{FAE04EC0-301F-11D3-BF4B-00C04F79EFBC}") = "Domain", "Domain\Domain.csproj", "{B60DBA45-C96B-4292-9F32-9A0E0506779F}"
EndProject
Project("{FAE04EC0-301F-11D3-BF4B-00C04F79EFBC}") = "Repository", "Repository\Repository.csproj", "{E1C795DE-B927-4D1F-8CE7-3C09FBAEE866}"
EndProject
Project("{FAE04EC0-301F-11D3-BF4B-00C04F79EFBC}") = "Service", "Service\Service.csproj", "{C75F7949-4E09-4735-B23D-C0121D779388}"
EndProject
Global
	GlobalSection(SolutionConfigurationPlatforms) = preSolution
		Debug|Any CPU = Debug|Any CPU
		Release|Any CPU = Release|Any CPU
	EndGlobalSection
	GlobalSection(ProjectConfigurationPlatforms) = postSolution
		{48CAA545-6BEB-4E86-88E5-A6D68B3F44E6}.Debug|Any CPU.ActiveCfg = Debug|Any CPU
		{48CAA545-6BEB-4E86-88E5-A6D68B3F44E6}.Debug|Any CPU.Build.0 = Debug|Any CPU
		{48CAA545-6BEB-4E86-88E5-A6D68B3F44E6}.Release|Any CPU.ActiveCfg = Release|Any CPU
		{48CAA545-6BEB-4E86-88E5-A6D68B3F44E6}.Release|Any CPU.Build.0 = Release|Any CPU
		{B60DBA45-C96B-4292-9F32-9A0E0506779F}.Debug|Any CPU.ActiveCfg = Debug|Any CPU
		{B60DBA45-C96B-4292-9F32-9A0E0506779F}.Debug|Any CPU.Build.0 = Debug|Any CPU
		{B60DBA45-C96B-4292-9F32-9A0E0506779F}.Release|Any CPU.ActiveCfg = Release|Any CPU
		{B60DBA45-C96B-4292-9F32-9A0E0506779F}.Release|Any CPU.Build.0 = Release|Any CPU
		{E1C795DE-B927-4D1F-8CE7-3C09FBAEE866}.Debug|Any CPU.ActiveCfg = Debug|Any CPU
		{E1C795DE-B927-4D1F-8CE7-3C09FBAEE866}.Debug|Any CPU.Build.0 = Debug|Any CPU
		{E1C795DE-B927-4D1F-8CE7-3C09FBAEE866}.Release|Any CPU.ActiveCfg = Release|Any CPU
		{E1C795DE-B927-4D1F-8CE7-3C09FBAEE866}.Release|Any CPU.Build.0 = Release|Any CPU
		{C75F7949-4E09-4735-B23D-C0121D779388}.Debug|Any CPU.ActiveCfg = Debug|Any CPU
		{C75F7949-4E09-4735-B23D-C0121D779388}.Debug|Any CPU.Build.0 = Debug|Any CPU
		{C75F7949-4E09-4735-B23D-C0121D779388}.Release|Any CPU.ActiveCfg = Release|Any CPU
		{C75F7949-4E09-4735-B23D-C0121D779388}.Release|Any CPU.Build.0 = Release|Any CPU
	EndGlobalSection
	GlobalSection(SolutionProperties) = preSolution
		HideSolutionNode = FALSE
	EndGlobalSection
EndGlobal
